
Microsoft Visual Studio Solution File, Format Version 12.00
# Visual Studio Version 16
VisualStudioVersion = 16.0.30907.101
MinimumVisualStudioVersion = 10.0.40219.1
Project("{FAE04EC0-301F-11D3-BF4B-00C04F79EFBC}") = "WebAppTest", "WebAppTest\WebAppTest.csproj", "{FEB8484E-C795-489C-8A60-1C0BE666EB86}"
EndProject
Global
	GlobalSection(SolutionConfigurationPlatforms) = preSolution
		Debug|Any CPU = Debug|Any CPU
		Release|Any CPU = Release|Any CPU
	EndGlobalSection
	GlobalSection(ProjectConfigurationPlatforms) = postSolution
		{FEB8484E-C795-489C-8A60-1C0BE666EB86}.Debug|Any CPU.ActiveCfg = Debug|Any CPU
		{FEB8484E-C795-489C-8A60-1C0BE666EB86}.Debug|Any CPU.Build.0 = Debug|Any CPU
		{FEB8484E-C795-489C-8A60-1C0BE666EB86}.Release|Any CPU.ActiveCfg = Release|Any CPU
		{FEB8484E-C795-489C-8A60-1C0BE666EB86}.Release|Any CPU.Build.0 = Release|Any CPU
	EndGlobalSection
	GlobalSection(SolutionProperties) = preSolution
		HideSolutionNode = FALSE
	EndGlobalSection
	GlobalSection(ExtensibilityGlobals) = postSolution
		SolutionGuid = {0CDC59C1-DFED-4DF7-9E63-8A246C21D92D}
	EndGlobalSection
EndGlobal
